
Microsoft Visual Studio Solution File, Format Version 12.00
# Visual Studio 15
VisualStudioVersion = 15.0.28307.489
MinimumVisualStudioVersion = 10.0.40219.1
Project("{FAE04EC0-301F-11D3-BF4B-00C04F79EFBC}") = "Greatzee.Spider.Winform", "Greatzee.Spider.Winform\Greatzee.Spider.Winform.csproj", "{6F57ED08-5C8B-4917-8A52-E0B7F01A8B98}"
EndProject
Project("{FAE04EC0-301F-11D3-BF4B-00C04F79EFBC}") = "SocketStorage", "SocketStorage\SocketStorage.csproj", "{7FC2DFB9-CED4-484D-8954-EBDD8904D7BB}"
EndProject
Project("{FAE04EC0-301F-11D3-BF4B-00C04F79EFBC}") = "SiteDemo", "SiteDemo\SiteDemo.csproj", "{C97258B6-FE34-49D4-B5B7-285AAC104F67}"
EndProject
Global
	GlobalSection(SolutionConfigurationPlatforms) = preSolution
		Debug|Any CPU = Debug|Any CPU
		Debug|x64 = Debug|x64
		Release|Any CPU = Release|Any CPU
		Release|x64 = Release|x64
	EndGlobalSection
	GlobalSection(ProjectConfigurationPlatforms) = postSolution
		{6F57ED08-5C8B-4917-8A52-E0B7F01A8B98}.Debug|Any CPU.ActiveCfg = Debug|Any CPU
		{6F57ED08-5C8B-4917-8A52-E0B7F01A8B98}.Debug|Any CPU.Build.0 = Debug|Any CPU
		{6F57ED08-5C8B-4917-8A52-E0B7F01A8B98}.Debug|x64.ActiveCfg = Debug|x64
		{6F57ED08-5C8B-4917-8A52-E0B7F01A8B98}.Debug|x64.Build.0 = Debug|x64
		{6F57ED08-5C8B-4917-8A52-E0B7F01A8B98}.Release|Any CPU.ActiveCfg = Debug|Any CPU
		{6F57ED08-5C8B-4917-8A52-E0B7F01A8B98}.Release|Any CPU.Build.0 = Debug|Any CPU
		{6F57ED08-5C8B-4917-8A52-E0B7F01A8B98}.Release|x64.ActiveCfg = Release|x64
		{6F57ED08-5C8B-4917-8A52-E0B7F01A8B98}.Release|x64.Build.0 = Release|x64
		{7FC2DFB9-CED4-484D-8954-EBDD8904D7BB}.Debug|Any CPU.ActiveCfg = Debug|Any CPU
		{7FC2DFB9-CED4-484D-8954-EBDD8904D7BB}.Debug|Any CPU.Build.0 = Debug|Any CPU
		{7FC2DFB9-CED4-484D-8954-EBDD8904D7BB}.Debug|x64.ActiveCfg = Debug|Any CPU
		{7FC2DFB9-CED4-484D-8954-EBDD8904D7BB}.Debug|x64.Build.0 = Debug|Any CPU
		{7FC2DFB9-CED4-484D-8954-EBDD8904D7BB}.Release|Any CPU.ActiveCfg = Release|Any CPU
		{7FC2DFB9-CED4-484D-8954-EBDD8904D7BB}.Release|Any CPU.Build.0 = Release|Any CPU
		{7FC2DFB9-CED4-484D-8954-EBDD8904D7BB}.Release|x64.ActiveCfg = Release|Any CPU
		{7FC2DFB9-CED4-484D-8954-EBDD8904D7BB}.Release|x64.Build.0 = Release|Any CPU
		{C97258B6-FE34-49D4-B5B7-285AAC104F67}.Debug|Any CPU.ActiveCfg = Debug|Any CPU
		{C97258B6-FE34-49D4-B5B7-285AAC104F67}.Debug|Any CPU.Build.0 = Debug|Any CPU
		{C97258B6-FE34-49D4-B5B7-285AAC104F67}.Debug|x64.ActiveCfg = Debug|Any CPU
		{C97258B6-FE34-49D4-B5B7-285AAC104F67}.Debug|x64.Build.0 = Debug|Any CPU
		{C97258B6-FE34-49D4-B5B7-285AAC104F67}.Release|Any CPU.ActiveCfg = Release|Any CPU
		{C97258B6-FE34-49D4-B5B7-285AAC104F67}.Release|Any CPU.Build.0 = Release|Any CPU
		{C97258B6-FE34-49D4-B5B7-285AAC104F67}.Release|x64.ActiveCfg = Release|Any CPU
		{C97258B6-FE34-49D4-B5B7-285AAC104F67}.Release|x64.Build.0 = Release|Any CPU
	EndGlobalSection
	GlobalSection(SolutionProperties) = preSolution
		HideSolutionNode = FALSE
	EndGlobalSection
	GlobalSection(ExtensibilityGlobals) = postSolution
		SolutionGuid = {27EE6A83-AAB8-4620-8EDF-F6C37A11E034}
	EndGlobalSection
EndGlobal
